{
  "version": 4,
  "terraform_version": "1.9.8",
  "serial": 3,
  "lineage": "d97ce8fe-1fea-c97e-1567-6a18cafb4166",
  "outputs": {},
  "resources": [
    {
      "mode": "data",
      "type": "spotify_search_track",
      "name": "arijit",
      "provider": "provider[\"registry.terraform.io/conradludgate/spotify\"]",
      "instances": [
        {
          "schema_version": 0,
          "attributes": {
            "album": null,
            "artist": "Arijit Singh",
            "explicit": true,
            "id": "1732040392",
            "limit": 10,
            "name": null,
            "tracks": [
              {
                "album": "5mZX4EMwEyohNmVfLTDtXn",
                "artists": [
                  "4YRxDV8wJFPHPTeXepOstw",
                  "5o36rLQd78Zh8CaT8rn59d",
                  "6k6TIai4KyKG1DeIMftSmJ"
                ],
                "id": "3yHyiUDJdz02FZ6jfUbsmY",
                "name": "Satranga (From \"ANIMAL\")"
              },
              {
                "album": "3I8PdIhk6pNm8Kv0HiF14V",
                "artists": [
                  "4YRxDV8wJFPHPTeXepOstw",
                  "09UmIX92EUH9hAK4bxvHx6"
                ],
                "id": "2Fv2injs4qAm8mJBGaxVKU",
                "name": "Tujhe Kitna Chahne Lage (From \"Kabir Singh\")"
              },
              {
                "album": "0Rkv5iqjF2uenfL0OVB8hg",
                "artists": [
                  "09UmIX92EUH9hAK4bxvHx6",
                  "4YRxDV8wJFPHPTeXepOstw"
                ],
                "id": "56zZ48jdyY2oDXHVnwg5Di",
                "name": "Tum Hi Ho"
              },
              {
                "album": "0cJXodCZCl2EWRNcw6m1eJ",
                "artists": [
                  "1mBydYMVBECdDmMfE2sEUO",
                  "4YRxDV8wJFPHPTeXepOstw"
                ],
                "id": "5npFBWhVs3VVlc0nY5xQMA",
                "name": "Tainu Khabar Nahi - From \"Munjya\""
              },
              {
                "album": "1wt2WZBZZ9GhM0AC61l7SS",
                "artists": [
                  "74OaRjmyh0XyRZsQQQ5l7c",
                  "4YRxDV8wJFPHPTeXepOstw",
                  "3NHwwyb1coYa5cLyI72xSk"
                ],
                "id": "5PUXKVVVQ74C3gl5vKy9Li",
                "name": "Heeriye (feat. Arijit Singh)"
              },
              {
                "album": "3I3kZyHUtEA9Y59rJkxtk6",
                "artists": [
                  "3PpjqSKBer3obW6lDflOBx",
                  "4YRxDV8wJFPHPTeXepOstw",
                  "7vCsTTACb2iT4fvBMnwp5w"
                ],
                "id": "5zCnGtCl5Ac5zlFHXaZmhy",
                "name": "Sajni (From \"Laapataa Ladies\")"
              },
              {
                "album": "0LcyzKKw3RjFKL6ygISTeU",
                "artists": [
                  "0y59o4v8uw5crbN9M3JiL1",
                  "4YRxDV8wJFPHPTeXepOstw"
                ],
                "id": "1tf2iody5iRLYYPDSBpzRc",
                "name": "Soulmate"
              },
              {
                "album": "5c2LVoyacw2r1nPD9M1mMF",
                "artists": [
                  "4YRxDV8wJFPHPTeXepOstw"
                ],
                "id": "7nGcwiR9KFf4y663DZvMhh",
                "name": "Bekhayali (Arijit Singh Version) [From \"Kabir Singh\"]"
              },
              {
                "album": "5c2LVoyacw2r1nPD9M1mMF",
                "artists": [
                  "4YRxDV8wJFPHPTeXepOstw"
                ],
                "id": "5vmetrLygsVwKZ8GpYxSCP",
                "name": "Tujhe Kitna Chahne Lage (From \"Kabir Singh\")"
              },
              {
                "album": "5c2LVoyacw2r1nPD9M1mMF",
                "artists": [
                  "4YRxDV8wJFPHPTeXepOstw",
                  "19LIHDDSHBD5NyYHI3gpzB"
                ],
                "id": "45RiWDU6XHGN16KqhX7YrU",
                "name": "Tere Hawaale (From \"Laal Singh Chaddha\")"
              }
            ],
            "year": null
          },
          "sensitive_attributes": []
        }
      ]
    },
    {
      "mode": "managed",
      "type": "spotify_playlist",
      "name": "Bollywood",
      "provider": "provider[\"registry.terraform.io/conradludgate/spotify\"]",
      "instances": [
        {
          "schema_version": 0,
          "attributes": {
            "description": "This is created by terraform",
            "id": "4UTdRsmGFUVdoDJSFs3vRR",
            "name": "kkrish's Bollywood Playlist",
            "public": true,
            "snapshot_id": "AAAAAuTqrMN+5OsGwyiiEBEi+qPVmd+n",
            "tracks": [
              "6EivvaEepVTjmDde43eGiB"
            ]
          },
          "sensitive_attributes": [],
          "private": "bnVsbA=="
        }
      ]
    },
    {
      "mode": "managed",
      "type": "spotify_playlist",
      "name": "arijit",
      "provider": "provider[\"registry.terraform.io/conradludgate/spotify\"]",
      "instances": [
        {
          "schema_version": 0,
          "attributes": {
            "description": null,
            "id": "6sXdhraPiDVc8tax09wbVx",
            "name": "Kkrish's Favorite Arijit Singh songs",
            "public": true,
            "snapshot_id": "AAAAAvUDMUGAq2kdvGeDiV8FCO43hM4W",
            "tracks": [
              "3yHyiUDJdz02FZ6jfUbsmY",
              "56zZ48jdyY2oDXHVnwg5Di",
              "5npFBWhVs3VVlc0nY5xQMA"
            ]
          },
          "sensitive_attributes": [],
          "private": "bnVsbA==",
          "dependencies": [
            "data.spotify_search_track.arijit"
          ]
        }
      ]
    }
  ],
  "check_results": null
}
